// !$*UTF8*$!
{
	archiveVersion = 1;
	classes = {
	};
	objectVersion = 48;
	objects = {

/* Begin PBXBuildFile section */
		F129A2141FEE5951004EB0F2 /* AppDelegate.m in Sources */ = {isa = PBXBuildFile; fileRef = F129A2131FEE5951004EB0F2 /* AppDelegate.m */; };
		F129A2171FEE5951004EB0F2 /* ViewController.m in Sources */ = {isa = PBXBuildFile; fileRef = F129A2161FEE5951004EB0F2 /* ViewController.m */; };
		F129A21A1FEE5951004EB0F2 /* Main.storyboard in Resources */ = {isa = PBXBuildFile; fileRef = F129A2181FEE5951004EB0F2 /* Main.storyboard */; };
		F129A21C1FEE5951004EB0F2 /* Assets.xcassets in Resources */ = {isa = PBXBuildFile; fileRef = F129A21B1FEE5951004EB0F2 /* Assets.xcassets */; };
		F129A21F1FEE5951004EB0F2 /* LaunchScreen.storyboard in Resources */ = {isa = PBXBuildFile; fileRef = F129A21D1FEE5951004EB0F2 /* LaunchScreen.storyboard */; };
		F129A2221FEE5951004EB0F2 /* main.m in Sources */ = {isa = PBXBuildFile; fileRef = F129A2211FEE5951004EB0F2 /* main.m */; };
		F129A22C1FEE5951004EB0F2 /* StoryBoardDemoTests.m in Sources */ = {isa = PBXBuildFile; fileRef = F129A22B1FEE5951004EB0F2 /* StoryBoardDemoTests.m */; };
		F129A2371FEE5951004EB0F2 /* StoryBoardDemoUITests.m in Sources */ = {isa = PBXBuildFile; fileRef = F129A2361FEE5951004EB0F2 /* StoryBoardDemoUITests.m */; };
/* End PBXBuildFile section */

/* Begin PBXContainerItemProxy section */
		F129A2281FEE5951004EB0F2 /* PBXContainerItemProxy */ = {
			isa = PBXContainerItemProxy;
			containerPortal = F129A2071FEE5951004EB0F2 /* Project object */;
			proxyType = 1;
			remoteGlobalIDString = F129A20E1FEE5951004EB0F2;
			remoteInfo = StoryBoardDemo;
		};
		F129A2331FEE5951004EB0F2 /* PBXContainerItemProxy */ = {
			isa = PBXContainerItemProxy;
			containerPortal = F129A2071FEE5951004EB0F2 /* Project object */;
			proxyType = 1;
			remoteGlobalIDString = F129A20E1FEE5951004EB0F2;
			remoteInfo = StoryBoardDemo;
		};
/* End PBXContainerItemProxy section */

/* Begin PBXFileReference section */
		F129A20F1FEE5951004EB0F2 /* StoryBoardDemo.app */ = {isa = PBXFileReference; explicitFileType = wrapper.application; includeInIndex = 0; path = StoryBoardDemo.app; sourceTree = BUILT_PRODUCTS_DIR; };
		F129A2121FEE5951004EB0F2 /* AppDelegate.h */ = {isa = PBXFileReference; lastKnownFileType = sourcecode.c.h; path = AppDelegate.h; sourceTree = "<group>"; };
		F129A2131FEE5951004EB0F2 /* AppDelegate.m */ = {isa = PBXFileReference; lastKnownFileType = sourcecode.c.objc; path = AppDelegate.m; sourceTree = "<group>"; };
		F129A2151FEE5951004EB0F2 /* ViewController.h */ = {isa = PBXFileReference; lastKnownFileType = sourcecode.c.h; path = ViewController.h; sourceTree = "<group>"; };
		F129A2161FEE5951004EB0F2 /* ViewController.m */ = {isa = PBXFileReference; lastKnownFileType = sourcecode.c.objc; path = ViewController.m; sourceTree = "<group>"; };
		F129A2191FEE5951004EB0F2 /* Base */ = {isa = PBXFileReference; lastKnownFileType = file.storyboard; name = Base; path = Base.lproj/Main.storyboard; sourceTree = "<group>"; };
		F129A21B1FEE5951004EB0F2 /* Assets.xcassets */ = {isa = PBXFileReference; lastKnownFileType = folder.assetcatalog; path = Assets.xcassets; sourceTree = "<group>"; };
		F129A21E1FEE5951004EB0F2 /* Base */ = {isa = PBXFileReference; lastKnownFileType = file.storyboard; name = Base; path = Base.lproj/LaunchScreen.storyboard; sourceTree = "<group>"; };
		F129A2201FEE5951004EB0F2 /* Info.plist */ = {isa = PBXFileReference; lastKnownFileType = text.plist.xml; path = Info.plist; sourceTree = "<group>"; };
		F129A2211FEE5951004EB0F2 /* main.m */ = {isa = PBXFileReference; lastKnownFileType = sourcecode.c.objc; path = main.m; sourceTree = "<group>"; };
		F129A2271FEE5951004EB0F2 /* StoryBoardDemoTests.xctest */ = {isa = PBXFileReference; explicitFileType = wrapper.cfbundle; includeInIndex = 0; path = StoryBoardDemoTests.xctest; sourceTree = BUILT_PRODUCTS_DIR; };
		F129A22B1FEE5951004EB0F2 /* StoryBoardDemoTests.m */ = {isa = PBXFileReference; lastKnownFileType = sourcecode.c.objc; path = StoryBoardDemoTests.m; sourceTree = "<group>"; };
		F129A22D1FEE5951004EB0F2 /* Info.plist */ = {isa = PBXFileReference; lastKnownFileType = text.plist.xml; path = Info.plist; sourceTree = "<group>"; };
		F129A2321FEE5951004EB0F2 /* StoryBoardDemoUITests.xctest */ = {isa = PBXFileReference; explicitFileType = wrapper.cfbundle; includeInIndex = 0; path = StoryBoardDemoUITests.xctest; sourceTree = BUILT_PRODUCTS_DIR; };
		F129A2361FEE5951004EB0F2 /* StoryBoardDemoUITests.m */ = {isa = PBXFileReference; lastKnownFileType = sourcecode.c.objc; path = StoryBoardDemoUITests.m; sourceTree = "<group>"; };
		F129A2381FEE5951004EB0F2 /* Info.plist */ = {isa = PBXFileReference; lastKnownFileType = text.plist.xml; path = Info.plist; sourceTree = "<group>"; };
/* End PBXFileReference section */

/* Begin PBXFrameworksBuildPhase section */
		F129A20C1FEE5951004EB0F2 /* Frameworks */ = {
			isa = PBXFrameworksBuildPhase;
			buildActionMask = 2147483647;
			files = (
			);
			runOnlyForDeploymentPostprocessing = 0;
		};
		F129A2241FEE5951004EB0F2 /* Frameworks */ = {
			isa = PBXFrameworksBuildPhase;
			buildActionMask = 2147483647;
			files = (
			);
			runOnlyForDeploymentPostprocessing = 0;
		};
		F129A22F1FEE5951004EB0F2 /* Frameworks */ = {
			isa = PBXFrameworksBuildPhase;
			buildActionMask = 2147483647;
			files = (
			);
			runOnlyForDeploymentPostprocessing = 0;
		};
/* End PBXFrameworksBuildPhase section */

/* Begin PBXGroup section */
		F129A2061FEE5951004EB0F2 = {
			isa = PBXGroup;
			children = (
				F129A2111FEE5951004EB0F2 /* StoryBoardDemo */,
				F129A22A1FEE5951004EB0F2 /* StoryBoardDemoTests */,
				F129A2351FEE5951004EB0F2 /* StoryBoardDemoUITests */,
				F129A2101FEE5951004EB0F2 /* Products */,
			);
			sourceTree = "<group>";
		};
		F129A2101FEE5951004EB0F2 /* Products */ = {
			isa = PBXGroup;
			children = (
				F129A20F1FEE5951004EB0F2 /* StoryBoardDemo.app */,
				F129A2271FEE5951004EB0F2 /* StoryBoardDemoTests.xctest */,
				F129A2321FEE5951004EB0F2 /* StoryBoardDemoUITests.xctest */,
			);
			name = Products;
			sourceTree = "<group>";
		};
		F129A2111FEE5951004EB0F2 /* StoryBoardDemo */ = {
			isa = PBXGroup;
			children = (
				F129A2121FEE5951004EB0F2 /* AppDelegate.h */,
				F129A2131FEE5951004EB0F2 /* AppDelegate.m */,
				F129A2151FEE5951004EB0F2 /* ViewController.h */,
				F129A2161FEE5951004EB0F2 /* ViewController.m */,
				F129A2181FEE5951004EB0F2 /* Main.storyboard */,
				F129A21B1FEE5951004EB0F2 /* Assets.xcassets */,
				F129A21D1FEE5951004EB0F2 /* LaunchScreen.storyboard */,
				F129A2201FEE5951004EB0F2 /* Info.plist */,
				F129A2211FEE5951004EB0F2 /* main.m */,
			);
			path = StoryBoardDemo;
			sourceTree = "<group>";
		};
		F129A22A1FEE5951004EB0F2 /* StoryBoardDemoTests */ = {
			isa = PBXGroup;
			children = (
				F129A22B1FEE5951004EB0F2 /* StoryBoardDemoTests.m */,
				F129A22D1FEE5951004EB0F2 /* Info.plist */,
			);
			path = StoryBoardDemoTests;
			sourceTree = "<group>";
		};
		F129A2351FEE5951004EB0F2 /* StoryBoardDemoUITests */ = {
			isa = PBXGroup;
			children = (
				F129A2361FEE5951004EB0F2 /* StoryBoardDemoUITests.m */,
				F129A2381FEE5951004EB0F2 /* Info.plist */,
			);
			path = StoryBoardDemoUITests;
			sourceTree = "<group>";
		};
/* End PBXGroup section */

/* Begin PBXNativeTarget section */
		F129A20E1FEE5951004EB0F2 /* StoryBoardDemo */ = {
			isa = PBXNativeTarget;
			buildConfigurationList = F129A23B1FEE5951004EB0F2 /* Build configuration list for PBXNativeTarget "StoryBoardDemo" */;
			buildPhases = (
				F129A20B1FEE5951004EB0F2 /* Sources */,
				F129A20C1FEE5951004EB0F2 /* Frameworks */,
				F129A20D1FEE5951004EB0F2 /* Resources */,
			);
			buildRules = (
			);
			dependencies = (
			);
			name = StoryBoardDemo;
			productName = StoryBoardDemo;
			productReference = F129A20F1FEE5951004EB0F2 /* StoryBoardDemo.app */;
			productType = "com.apple.product-type.application";
		};
		F129A2261FEE5951004EB0F2 /* StoryBoardDemoTests */ = {
			isa = PBXNativeTarget;
			buildConfigurationList = F129A23E1FEE5951004EB0F2 /* Build configuration list for PBXNativeTarget "StoryBoardDemoTests" */;
			buildPhases = (
				F129A2231FEE5951004EB0F2 /* Sources */,
				F129A2241FEE5951004EB0F2 /* Frameworks */,
				F129A2251FEE5951004EB0F2 /* Resources */,
			);
			buildRules = (
			);
			dependencies = (
				F129A2291FEE5951004EB0F2 /* PBXTargetDependency */,
			);
			name = StoryBoardDemoTests;
			productName = StoryBoardDemoTests;
			productReference = F129A2271FEE5951004EB0F2 /* StoryBoardDemoTests.xctest */;
			productType = "com.apple.product-type.bundle.unit-test";
		};
		F129A2311FEE5951004EB0F2 /* StoryBoardDemoUITests */ = {
			isa = PBXNativeTarget;
			buildConfigurationList = F129A2411FEE5951004EB0F2 /* Build configuration list for PBXNativeTarget "StoryBoardDemoUITests" */;
			buildPhases = (
				F129A22E1FEE5951004EB0F2 /* Sources */,
				F129A22F1FEE5951004EB0F2 /* Frameworks */,
				F129A2301FEE5951004EB0F2 /* Resources */,
			);
			buildRules = (
			);
			dependencies = (
				F129A2341FEE5951004EB0F2 /* PBXTargetDependency */,
			);
			name = StoryBoardDemoUITests;
			productName = StoryBoardDemoUITests;
			productReference = F129A2321FEE5951004EB0F2 /* StoryBoardDemoUITests.xctest */;
			productType = "com.apple.product-type.bundle.ui-testing";
		};
/* End PBXNativeTarget section */

/* Begin PBXProject section */
		F129A2071FEE5951004EB0F2 /* Project object */ = {
			isa = PBXProject;
			attributes = {
				LastUpgradeCheck = 0900;
				ORGANIZATIONNAME = JingBei;
				TargetAttributes = {
					F129A20E1FEE5951004EB0F2 = {
						CreatedOnToolsVersion = 9.0.1;
						ProvisioningStyle = Automatic;
					};
					F129A2261FEE5951004EB0F2 = {
						CreatedOnToolsVersion = 9.0.1;
						ProvisioningStyle = Automatic;
						TestTargetID = F129A20E1FEE5951004EB0F2;
					};
					F129A2311FEE5951004EB0F2 = {
						CreatedOnToolsVersion = 9.0.1;
						ProvisioningStyle = Automatic;
						TestTargetID = F129A20E1FEE5951004EB0F2;
					};
				};
			};
			buildConfigurationList = F129A20A1FEE5951004EB0F2 /* Build configuration list for PBXProject "StoryBoardDemo" */;
			compatibilityVersion = "Xcode 8.0";
			developmentRegion = en;
			hasScannedForEncodings = 0;
			knownRegions = (
				en,
				Base,
			);
			mainGroup = F129A2061FEE5951004EB0F2;
			productRefGroup = F129A2101FEE5951004EB0F2 /* Products */;
			projectDirPath = "";
			projectRoot = "";
			targets = (
				F129A20E1FEE5951004EB0F2 /* StoryBoardDemo */,
				F129A2261FEE5951004EB0F2 /* StoryBoardDemoTests */,
				F129A2311FEE5951004EB0F2 /* StoryBoardDemoUITests */,
			);
		};
/* End PBXProject section */

/* Begin PBXResourcesBuildPhase section */
		F129A20D1FEE5951004EB0F2 /* Resources */ = {
			isa = PBXResourcesBuildPhase;
			buildActionMask = 2147483647;
			files = (
				F129A21F1FEE5951004EB0F2 /* LaunchScreen.storyboard in Resources */,
				F129A21C1FEE5951004EB0F2 /* Assets.xcassets in Resources */,
				F129A21A1FEE5951004EB0F2 /* Main.storyboard in Resources */,
			);
			runOnlyForDeploymentPostprocessing = 0;
		};
		F129A2251FEE5951004EB0F2 /* Resources */ = {
			isa = PBXResourcesBuildPhase;
			buildActionMask = 2147483647;
			files = (
			);
			runOnlyForDeploymentPostprocessing = 0;
		};
		F129A2301FEE5951004EB0F2 /* Resources */ = {
			isa = PBXResourcesBuildPhase;
			buildActionMask = 2147483647;
			files = (
			);
			runOnlyForDeploymentPostprocessing = 0;
		};
/* End PBXResourcesBuildPhase section */

/* Begin PBXSourcesBuildPhase section */
		F129A20B1FEE5951004EB0F2 /* Sources */ = {
			isa = PBXSourcesBuildPhase;
			buildActionMask = 2147483647;
			files = (
				F129A2171FEE5951004EB0F2 /* ViewController.m in Sources */,
				F129A2221FEE5951004EB0F2 /* main.m in Sources */,
				F129A2141FEE5951004EB0F2 /* AppDelegate.m in Sources */,
			);
			runOnlyForDeploymentPostprocessing = 0;
		};
		F129A2231FEE5951004EB0F2 /* Sources */ = {
			isa = PBXSourcesBuildPhase;
			buildActionMask = 2147483647;
			files = (
				F129A22C1FEE5951004EB0F2 /* StoryBoardDemoTests.m in Sources */,
			);
			runOnlyForDeploymentPostprocessing = 0;
		};
		F129A22E1FEE5951004EB0F2 /* Sources */ = {
			isa = PBXSourcesBuildPhase;
			buildActionMask = 2147483647;
			files = (
				F129A2371FEE5951004EB0F2 /* StoryBoardDemoUITests.m in Sources */,
			);
			runOnlyForDeploymentPostprocessing = 0;
		};
/* End PBXSourcesBuildPhase section */

/* Begin PBXTargetDependency section */
		F129A2291FEE5951004EB0F2 /* PBXTargetDependency */ = {
			isa = PBXTargetDependency;
			target = F129A20E1FEE5951004EB0F2 /* StoryBoardDemo */;
			targetProxy = F129A2281FEE5951004EB0F2 /* PBXContainerItemProxy */;
		};
		F129A2341FEE5951004EB0F2 /* PBXTargetDependency */ = {
			isa = PBXTargetDependency;
			target = F129A20E1FEE5951004EB0F2 /* StoryBoardDemo */;
			targetProxy = F129A2331FEE5951004EB0F2 /* PBXContainerItemProxy */;
		};
/* End PBXTargetDependency section */

/* Begin PBXVariantGroup section */
		F129A2181FEE5951004EB0F2 /* Main.storyboard */ = {
			isa = PBXVariantGroup;
			children = (
				F129A2191FEE5951004EB0F2 /* Base */,
			);
			name = Main.storyboard;
			sourceTree = "<group>";
		};
		F129A21D1FEE5951004EB0F2 /* LaunchScreen.storyboard */ = {
			isa = PBXVariantGroup;
			children = (
				F129A21E1FEE5951004EB0F2 /* Base */,
			);
			name = LaunchScreen.storyboard;
			sourceTree = "<group>";
		};
/* End PBXVariantGroup section */

/* Begin XCBuildConfiguration section */
		F129A2391FEE5951004EB0F2 /* Debug */ = {
			isa = XCBuildConfiguration;
			buildSettings = {
				ALWAYS_SEARCH_USER_PATHS = NO;
				CLANG_ANALYZER_NONNULL = YES;
				CLANG_ANALYZER_NUMBER_OBJECT_CONVERSION = YES_AGGRESSIVE;
				CLANG_CXX_LANGUAGE_STANDARD = "gnu++14";
				CLANG_CXX_LIBRARY = "libc++";
				CLANG_ENABLE_MODULES = YES;
				CLANG_ENABLE_OBJC_ARC = YES;
				CLANG_WARN_BLOCK_CAPTURE_AUTORELEASING = YES;
				CLANG_WARN_BOOL_CONVERSION = YES;
				CLANG_WARN_COMMA = YES;
				CLANG_WARN_CONSTANT_CONVERSION = YES;
				CLANG_WARN_DIRECT_OBJC_ISA_USAGE = YES_ERROR;
				CLANG_WARN_DOCUMENTATION_COMMENTS = YES;
				CLANG_WARN_EMPTY_BODY = YES;
				CLANG_WARN_ENUM_CONVERSION = YES;
				CLANG_WARN_INFINITE_RECURSION = YES;
				CLANG_WARN_INT_CONVERSION = YES;
				CLANG_WARN_NON_LITERAL_NULL_CONVERSION = YES;
				CLANG_WARN_OBJC_LITERAL_CONVERSION = YES;
				CLANG_WARN_OBJC_ROOT_CLASS = YES_ERROR;
				CLANG_WARN_RANGE_LOOP_ANALYSIS = YES;
				CLANG_WARN_STRICT_PROTOTYPES = YES;
				CLANG_WARN_SUSPICIOUS_MOVE = YES;
				CLANG_WARN_UNGUARDED_AVAILABILITY = YES_AGGRESSIVE;
				CLANG_WARN_UNREACHABLE_CODE = YES;
				CLANG_WARN__DUPLICATE_METHOD_MATCH = YES;
				CODE_SIGN_IDENTITY = "iPhone Developer";
				COPY_PHASE_STRIP = NO;
				DEBUG_INFORMATION_FORMAT = dwarf;
				ENABLE_STRICT_OBJC_MSGSEND = YES;
				ENABLE_TESTABILITY = YES;
				GCC_C_LANGUAGE_STANDARD = gnu11;
				GCC_DYNAMIC_NO_PIC = NO;
				GCC_NO_COMMON_BLOCKS = YES;
				GCC_OPTIMIZATION_LEVEL = 0;
				GCC_PREPROCESSOR_DEFINITIONS = (
					"DEBUG=1",
					"$(inherited)",
				);
				GCC_WARN_64_TO_32_BIT_CONVERSION = YES;
				GCC_WARN_ABOUT_RETURN_TYPE = YES_ERROR;
				GCC_WARN_UNDECLARED_SELECTOR = YES;
				GCC_WARN_UNINITIALIZED_AUTOS = YES_AGGRESSIVE;
				GCC_WARN_UNUSED_FUNCTION = YES;
				GCC_WARN_UNUSED_VARIABLE = YES;
				IPHONEOS_DEPLOYMENT_TARGET = 11.0;
				MTL_ENABLE_DEBUG_INFO = YES;
				ONLY_ACTIVE_ARCH = YES;
				SDKROOT = iphoneos;
			};
			name = Debug;
		};
		F129A23A1FEE5951004EB0F2 /* Release */ = {
			isa = XCBuildConfiguration;
			buildSettings = {
				ALWAYS_SEARCH_USER_PATHS = NO;
				CLANG_ANALYZER_NONNULL = YES;
				CLANG_ANALYZER_NUMBER_OBJECT_CONVERSION = YES_AGGRESSIVE;
				CLANG_CXX_LANGUAGE_STANDARD = "gnu++14";
				CLANG_CXX_LIBRARY = "libc++";
				CLANG_ENABLE_MODULES = YES;
				CLANG_ENABLE_OBJC_ARC = YES;
				CLANG_WARN_BLOCK_CAPTURE_AUTORELEASING = YES;
				CLANG_WARN_BOOL_CONVERSION = YES;
				CLANG_WARN_COMMA = YES;
				CLANG_WARN_CONSTANT_CONVERSION = YES;
				CLANG_WARN_DIRECT_OBJC_ISA_USAGE = YES_ERROR;
				CLANG_WARN_DOCUMENTATION_COMMENTS = YES;
				CLANG_WARN_EMPTY_BODY = YES;
				CLANG_WARN_ENUM_CONVERSION = YES;
				CLANG_WARN_INFINITE_RECURSION = YES;
				CLANG_WARN_INT_CONVERSION = YES;
				CLANG_WARN_NON_LITERAL_NULL_CONVERSION = YES;
				CLANG_WARN_OBJC_LITERAL_CONVERSION = YES;
				CLANG_WARN_OBJC_ROOT_CLASS = YES_ERROR;
				CLANG_WARN_RANGE_LOOP_ANALYSIS = YES;
				CLANG_WARN_STRICT_PROTOTYPES = YES;
				CLANG_WARN_SUSPICIOUS_MOVE = YES;
				CLANG_WARN_UNGUARDED_AVAILABILITY = YES_AGGRESSIVE;
				CLANG_WARN_UNREACHABLE_CODE = YES;
				CLANG_WARN__DUPLICATE_METHOD_MATCH = YES;
				CODE_SIGN_IDENTITY = "iPhone Developer";
				COPY_PHASE_STRIP = NO;
				DEBUG_INFORMATION_FORMAT = "dwarf-with-dsym";
				ENABLE_NS_ASSERTIONS = NO;
				ENABLE_STRICT_OBJC_MSGSEND = YES;
				GCC_C_LANGUAGE_STANDARD = gnu11;
				GCC_NO_COMMON_BLOCKS = YES;
				GCC_WARN_64_TO_32_BIT_CONVERSION = YES;
				GCC_WARN_ABOUT_RETURN_TYPE = YES_ERROR;
				GCC_WARN_UNDECLARED_SELECTOR = YES;
				GCC_WARN_UNINITIALIZED_AUTOS = YES_AGGRESSIVE;
				GCC_WARN_UNUSED_FUNCTION = YES;
				GCC_WARN_UNUSED_VARIABLE = YES;
				IPHONEOS_DEPLOYMENT_TARGET = 11.0;
				MTL_ENABLE_DEBUG_INFO = NO;
				SDKROOT = iphoneos;
				VALIDATE_PRODUCT = YES;
			};
			name = Release;
		};
		F129A23C1FEE5951004EB0F2 /* Debug */ = {
			isa = XCBuildConfiguration;
			buildSettings = {
				ASSETCATALOG_COMPILER_APPICON_NAME = AppIcon;
				CODE_SIGN_STYLE = Automatic;
				DEVELOPMENT_TEAM = UV433VL8PE;
				INFOPLIST_FILE = StoryBoardDemo/Info.plist;
				LD_RUNPATH_SEARCH_PATHS = "$(inherited) @executable_path/Frameworks";
				PRODUCT_BUNDLE_IDENTIFIER = com.jbtouzi.jingbei.StoryBoardDemo;
				PRODUCT_NAME = "$(TARGET_NAME)";
				TARGETED_DEVICE_FAMILY = "1,2";
			};
			name = Debug;
		};
		F129A23D1FEE5951004EB0F2 /* Release */ = {
			isa = XCBuildConfiguration;
			buildSettings = {
				ASSETCATALOG_COMPILER_APPICON_NAME = AppIcon;
				CODE_SIGN_STYLE = Automatic;
				DEVELOPMENT_TEAM = UV433VL8PE;
				INFOPLIST_FILE = StoryBoardDemo/Info.plist;
				LD_RUNPATH_SEARCH_PATHS = "$(inherited) @executable_path/Frameworks";
				PRODUCT_BUNDLE_IDENTIFIER = com.jbtouzi.jingbei.StoryBoardDemo;
				PRODUCT_NAME = "$(TARGET_NAME)";
				TARGETED_DEVICE_FAMILY = "1,2";
			};
			name = Release;
		};
		F129A23F1FEE5951004EB0F2 /* Debug */ = {
			isa = XCBuildConfiguration;
			buildSettings = {
				BUNDLE_LOADER = "$(TEST_HOST)";
				CODE_SIGN_STYLE = Automatic;
				DEVELOPMENT_TEAM = UV433VL8PE;
				INFOPLIST_FILE = StoryBoardDemoTests/Info.plist;
				LD_RUNPATH_SEARCH_PATHS = "$(inherited) @executable_path/Frameworks @loader_path/Frameworks";
				PRODUCT_BUNDLE_IDENTIFIER = com.jbtouzi.jingbei.StoryBoardDemoTests;
				PRODUCT_NAME = "$(TARGET_NAME)";
				TARGETED_DEVICE_FAMILY = "1,2";
				TEST_HOST = "$(BUILT_PRODUCTS_DIR)/StoryBoardDemo.app/StoryBoardDemo";
			};
			name = Debug;
		};
		F129A2401FEE5951004EB0F2 /* Release */ = {
			isa = XCBuildConfiguration;
			buildSettings = {
				BUNDLE_LOADER = "$(TEST_HOST)";
				CODE_SIGN_STYLE = Automatic;
				DEVELOPMENT_TEAM = UV433VL8PE;
				INFOPLIST_FILE = StoryBoardDemoTests/Info.plist;
				LD_RUNPATH_SEARCH_PATHS = "$(inherited) @executable_path/Frameworks @loader_path/Frameworks";
				PRODUCT_BUNDLE_IDENTIFIER = com.jbtouzi.jingbei.StoryBoardDemoTests;
				PRODUCT_NAME = "$(TARGET_NAME)";
				TARGETED_DEVICE_FAMILY = "1,2";
				TEST_HOST = "$(BUILT_PRODUCTS_DIR)/StoryBoardDemo.app/StoryBoardDemo";
			};
			name = Release;
		};
		F129A2421FEE5951004EB0F2 /* Debug */ = {
			isa = XCBuildConfiguration;
			buildSettings = {
				CODE_SIGN_STYLE = Automatic;
				DEVELOPMENT_TEAM = UV433VL8PE;
				INFOPLIST_FILE = StoryBoardDemoUITests/Info.plist;
				LD_RUNPATH_SEARCH_PATHS = "$(inherited) @executable_path/Frameworks @loader_path/Frameworks";
				PRODUCT_BUNDLE_IDENTIFIER = com.jbtouzi.jingbei.StoryBoardDemoUITests;
				PRODUCT_NAME = "$(TARGET_NAME)";
				TARGETED_DEVICE_FAMILY = "1,2";
				TEST_TARGET_NAME = StoryBoardDemo;
			};
			name = Debug;
		};
		F129A2431FEE5951004EB0F2 /* Release */ = {
			isa = XCBuildConfiguration;
			buildSettings = {
				CODE_SIGN_STYLE = Automatic;
				DEVELOPMENT_TEAM = UV433VL8PE;
				INFOPLIST_FILE = StoryBoardDemoUITests/Info.plist;
				LD_RUNPATH_SEARCH_PATHS = "$(inherited) @executable_path/Frameworks @loader_path/Frameworks";
				PRODUCT_BUNDLE_IDENTIFIER = com.jbtouzi.jingbei.StoryBoardDemoUITests;
				PRODUCT_NAME = "$(TARGET_NAME)";
				TARGETED_DEVICE_FAMILY = "1,2";
				TEST_TARGET_NAME = StoryBoardDemo;
			};
			name = Release;
		};
/* End XCBuildConfiguration section */

/* Begin XCConfigurationList section */
		F129A20A1FEE5951004EB0F2 /* Build configuration list for PBXProject "StoryBoardDemo" */ = {
			isa = XCConfigurationList;
			buildConfigurations = (
				F129A2391FEE5951004EB0F2 /* Debug */,
				F129A23A1FEE5951004EB0F2 /* Release */,
			);
			defaultConfigurationIsVisible = 0;
			defaultConfigurationName = Release;
		};
		F129A23B1FEE5951004EB0F2 /* Build configuration list for PBXNativeTarget "StoryBoardDemo" */ = {
			isa = XCConfigurationList;
			buildConfigurations = (
				F129A23C1FEE5951004EB0F2 /* Debug */,
				F129A23D1FEE5951004EB0F2 /* Release */,
			);
			defaultConfigurationIsVisible = 0;
			defaultConfigurationName = Release;
		};
		F129A23E1FEE5951004EB0F2 /* Build configuration list for PBXNativeTarget "StoryBoardDemoTests" */ = {
			isa = XCConfigurationList;
			buildConfigurations = (
				F129A23F1FEE5951004EB0F2 /* Debug */,
				F129A2401FEE5951004EB0F2 /* Release */,
			);
			defaultConfigurationIsVisible = 0;
			defaultConfigurationName = Release;
		};
		F129A2411FEE5951004EB0F2 /* Build configuration list for PBXNativeTarget "StoryBoardDemoUITests" */ = {
			isa = XCConfigurationList;
			buildConfigurations = (
				F129A2421FEE5951004EB0F2 /* Debug */,
				F129A2431FEE5951004EB0F2 /* Release */,
			);
			defaultConfigurationIsVisible = 0;
			defaultConfigurationName = Release;
		};
/* End XCConfigurationList section */
	};
	rootObject = F129A2071FEE5951004EB0F2 /* Project object */;
}
